
Microsoft Visual Studio Solution File, Format Version 12.00
# Visual Studio Express 2012 for Web
Project("{CC5FD16D-436D-48AD-A40C-5A424C6E3E79}") = "WebCrawler", "WebCrawler\WebCrawler.ccproj", "{83A96DA0-0C76-44C2-A506-415557E47DCE}"
EndProject
Project("{FAE04EC0-301F-11D3-BF4B-00C04F79EFBC}") = "Dashboard", "Dashboard\Dashboard.csproj", "{3EBA6FE6-47F0-48C4-8DE2-BE09D18D1637}"
	ProjectSection(ProjectDependencies) = postProject
		{B2984D05-CEDF-4762-9D29-7B4C290B0E79} = {B2984D05-CEDF-4762-9D29-7B4C290B0E79}
	EndProjectSection
EndProject
Project("{FAE04EC0-301F-11D3-BF4B-00C04F79EFBC}") = "Crawler", "Crawler\Crawler.csproj", "{E5CC6174-D145-4447-8694-C711CC4C5F6A}"
	ProjectSection(ProjectDependencies) = postProject
		{B2984D05-CEDF-4762-9D29-7B4C290B0E79} = {B2984D05-CEDF-4762-9D29-7B4C290B0E79}
	EndProjectSection
EndProject
Project("{FAE04EC0-301F-11D3-BF4B-00C04F79EFBC}") = "Entities", "Entities\Entities.csproj", "{B2984D05-CEDF-4762-9D29-7B4C290B0E79}"
EndProject
Global
	GlobalSection(SolutionConfigurationPlatforms) = preSolution
		Debug|Any CPU = Debug|Any CPU
		Release|Any CPU = Release|Any CPU
	EndGlobalSection
	GlobalSection(ProjectConfigurationPlatforms) = postSolution
		{83A96DA0-0C76-44C2-A506-415557E47DCE}.Debug|Any CPU.ActiveCfg = Debug|Any CPU
		{83A96DA0-0C76-44C2-A506-415557E47DCE}.Debug|Any CPU.Build.0 = Debug|Any CPU
		{83A96DA0-0C76-44C2-A506-415557E47DCE}.Release|Any CPU.ActiveCfg = Release|Any CPU
		{83A96DA0-0C76-44C2-A506-415557E47DCE}.Release|Any CPU.Build.0 = Release|Any CPU
		{3EBA6FE6-47F0-48C4-8DE2-BE09D18D1637}.Debug|Any CPU.ActiveCfg = Debug|Any CPU
		{3EBA6FE6-47F0-48C4-8DE2-BE09D18D1637}.Debug|Any CPU.Build.0 = Debug|Any CPU
		{3EBA6FE6-47F0-48C4-8DE2-BE09D18D1637}.Release|Any CPU.ActiveCfg = Release|Any CPU
		{3EBA6FE6-47F0-48C4-8DE2-BE09D18D1637}.Release|Any CPU.Build.0 = Release|Any CPU
		{E5CC6174-D145-4447-8694-C711CC4C5F6A}.Debug|Any CPU.ActiveCfg = Debug|Any CPU
		{E5CC6174-D145-4447-8694-C711CC4C5F6A}.Debug|Any CPU.Build.0 = Debug|Any CPU
		{E5CC6174-D145-4447-8694-C711CC4C5F6A}.Release|Any CPU.ActiveCfg = Release|Any CPU
		{E5CC6174-D145-4447-8694-C711CC4C5F6A}.Release|Any CPU.Build.0 = Release|Any CPU
		{B2984D05-CEDF-4762-9D29-7B4C290B0E79}.Debug|Any CPU.ActiveCfg = Debug|Any CPU
		{B2984D05-CEDF-4762-9D29-7B4C290B0E79}.Debug|Any CPU.Build.0 = Debug|Any CPU
		{B2984D05-CEDF-4762-9D29-7B4C290B0E79}.Release|Any CPU.ActiveCfg = Release|Any CPU
		{B2984D05-CEDF-4762-9D29-7B4C290B0E79}.Release|Any CPU.Build.0 = Release|Any CPU
	EndGlobalSection
	GlobalSection(SolutionProperties) = preSolution
		HideSolutionNode = FALSE
	EndGlobalSection
EndGlobal
